// !$*UTF8*$!
{
	archiveVersion = 1;
	classes = {
	};
	objectVersion = 46;
	objects = {

/* Begin PBXBuildFile section */
		9283E6761A6A151500A7CA44 /* libopencv_core.2.4.10.dylib in Frameworks */ = {isa = PBXBuildFile; fileRef = 9283E6731A6A151500A7CA44 /* libopencv_core.2.4.10.dylib */; };
		9283E6771A6A151500A7CA44 /* libopencv_highgui.2.4.10.dylib in Frameworks */ = {isa = PBXBuildFile; fileRef = 9283E6741A6A151500A7CA44 /* libopencv_highgui.2.4.10.dylib */; };
		9283E6781A6A151500A7CA44 /* libopencv_imgproc.2.4.10.dylib in Frameworks */ = {isa = PBXBuildFile; fileRef = 9283E6751A6A151500A7CA44 /* libopencv_imgproc.2.4.10.dylib */; };
		9283E67A1A6A24DD00A7CA44 /* main.cpp in Sources */ = {isa = PBXBuildFile; fileRef = 9283E6791A6A24DD00A7CA44 /* main.cpp */; };
		92D5CDA41A6A362200DCFF82 /* Page.cpp in Sources */ = {isa = PBXBuildFile; fileRef = 92D5CDA21A6A362200DCFF82 /* Page.cpp */; };
/* End PBXBuildFile section */

/* Begin PBXCopyFilesBuildPhase section */
		9283E6511A6A0CB100A7CA44 /* CopyFiles */ = {
			isa = PBXCopyFilesBuildPhase;
			buildActionMask = 2147483647;
			dstPath = /usr/share/man/man1/;
			dstSubfolderSpec = 0;
			files = (
			);
			runOnlyForDeploymentPostprocessing = 1;
		};
/* End PBXCopyFilesBuildPhase section */

/* Begin PBXFileReference section */
		9283E6531A6A0CB100A7CA44 /* Whiteboard2Website */ = {isa = PBXFileReference; explicitFileType = "compiled.mach-o.executable"; includeInIndex = 0; path = Whiteboard2Website; sourceTree = BUILT_PRODUCTS_DIR; };
		9283E6731A6A151500A7CA44 /* libopencv_core.2.4.10.dylib */ = {isa = PBXFileReference; lastKnownFileType = "compiled.mach-o.dylib"; path = libopencv_core.2.4.10.dylib; sourceTree = "<group>"; };
		9283E6741A6A151500A7CA44 /* libopencv_highgui.2.4.10.dylib */ = {isa = PBXFileReference; lastKnownFileType = "compiled.mach-o.dylib"; path = libopencv_highgui.2.4.10.dylib; sourceTree = "<group>"; };
		9283E6751A6A151500A7CA44 /* libopencv_imgproc.2.4.10.dylib */ = {isa = PBXFileReference; lastKnownFileType = "compiled.mach-o.dylib"; path = libopencv_imgproc.2.4.10.dylib; sourceTree = "<group>"; };
		9283E6791A6A24DD00A7CA44 /* main.cpp */ = {isa = PBXFileReference; fileEncoding = 4; lastKnownFileType = sourcecode.cpp.cpp; name = main.cpp; path = Whiteboard2Website/main.cpp; sourceTree = SOURCE_ROOT; };
		92D5CDA01A6A2BA400DCFF82 /* whiteboard-small.jpg */ = {isa = PBXFileReference; lastKnownFileType = image.jpeg; name = "whiteboard-small.jpg"; path = "Whiteboard2Website/whiteboard-small.jpg"; sourceTree = SOURCE_ROOT; };
		92D5CDA21A6A362200DCFF82 /* Page.cpp */ = {isa = PBXFileReference; fileEncoding = 4; lastKnownFileType = sourcecode.cpp.cpp; name = Page.cpp; path = Whiteboard2Website/Page.cpp; sourceTree = SOURCE_ROOT; };
		92D5CDA31A6A362200DCFF82 /* Page.h */ = {isa = PBXFileReference; fileEncoding = 4; lastKnownFileType = sourcecode.c.h; name = Page.h; path = Whiteboard2Website/Page.h; sourceTree = SOURCE_ROOT; };
/* End PBXFileReference section */

/* Begin PBXFrameworksBuildPhase section */
		9283E6501A6A0CB100A7CA44 /* Frameworks */ = {
			isa = PBXFrameworksBuildPhase;
			buildActionMask = 2147483647;
			files = (
				9283E6761A6A151500A7CA44 /* libopencv_core.2.4.10.dylib in Frameworks */,
				9283E6771A6A151500A7CA44 /* libopencv_highgui.2.4.10.dylib in Frameworks */,
				9283E6781A6A151500A7CA44 /* libopencv_imgproc.2.4.10.dylib in Frameworks */,
			);
			runOnlyForDeploymentPostprocessing = 0;
		};
/* End PBXFrameworksBuildPhase section */

/* Begin PBXGroup section */
		9283E64A1A6A0CB100A7CA44 = {
			isa = PBXGroup;
			children = (
				9283E6731A6A151500A7CA44 /* libopencv_core.2.4.10.dylib */,
				9283E6741A6A151500A7CA44 /* libopencv_highgui.2.4.10.dylib */,
				9283E6751A6A151500A7CA44 /* libopencv_imgproc.2.4.10.dylib */,
				9283E6551A6A0CB100A7CA44 /* Whiteboard2Website */,
				9283E6541A6A0CB100A7CA44 /* Products */,
			);
			sourceTree = "<group>";
		};
		9283E6541A6A0CB100A7CA44 /* Products */ = {
			isa = PBXGroup;
			children = (
				9283E6531A6A0CB100A7CA44 /* Whiteboard2Website */,
			);
			name = Products;
			sourceTree = "<group>";
		};
		9283E6551A6A0CB100A7CA44 /* Whiteboard2Website */ = {
			isa = PBXGroup;
			children = (
				9283E6791A6A24DD00A7CA44 /* main.cpp */,
				92D5CDA21A6A362200DCFF82 /* Page.cpp */,
				92D5CDA31A6A362200DCFF82 /* Page.h */,
				92D5CDA01A6A2BA400DCFF82 /* whiteboard-small.jpg */,
			);
			name = Whiteboard2Website;
			path = OpenCVTest;
			sourceTree = "<group>";
		};
/* End PBXGroup section */

/* Begin PBXNativeTarget section */
		9283E6521A6A0CB100A7CA44 /* Whiteboard2Website */ = {
			isa = PBXNativeTarget;
			buildConfigurationList = 9283E65A1A6A0CB100A7CA44 /* Build configuration list for PBXNativeTarget "Whiteboard2Website" */;
			buildPhases = (
				9283E64F1A6A0CB100A7CA44 /* Sources */,
				9283E6501A6A0CB100A7CA44 /* Frameworks */,
				9283E6511A6A0CB100A7CA44 /* CopyFiles */,
			);
			buildRules = (
			);
			dependencies = (
			);
			name = Whiteboard2Website;
			productName = OpenCVTest;
			productReference = 9283E6531A6A0CB100A7CA44 /* Whiteboard2Website */;
			productType = "com.apple.product-type.tool";
		};
/* End PBXNativeTarget section */

/* Begin PBXProject section */
		9283E64B1A6A0CB100A7CA44 /* Project object */ = {
			isa = PBXProject;
			attributes = {
				LastUpgradeCheck = 0610;
				ORGANIZATIONNAME = "Zach Waterson";
				TargetAttributes = {
					9283E6521A6A0CB100A7CA44 = {
						CreatedOnToolsVersion = 6.1.1;
					};
				};
			};
			buildConfigurationList = 9283E64E1A6A0CB100A7CA44 /* Build configuration list for PBXProject "Whiteboard2Website" */;
			compatibilityVersion = "Xcode 3.2";
			developmentRegion = English;
			hasScannedForEncodings = 0;
			knownRegions = (
				en,
			);
			mainGroup = 9283E64A1A6A0CB100A7CA44;
			productRefGroup = 9283E6541A6A0CB100A7CA44 /* Products */;
			projectDirPath = "";
			projectRoot = "";
			targets = (
				9283E6521A6A0CB100A7CA44 /* Whiteboard2Website */,
			);
		};
/* End PBXProject section */

/* Begin PBXSourcesBuildPhase section */
		9283E64F1A6A0CB100A7CA44 /* Sources */ = {
			isa = PBXSourcesBuildPhase;
			buildActionMask = 2147483647;
			files = (
				92D5CDA41A6A362200DCFF82 /* Page.cpp in Sources */,
				9283E67A1A6A24DD00A7CA44 /* main.cpp in Sources */,
			);
			runOnlyForDeploymentPostprocessing = 0;
		};
/* End PBXSourcesBuildPhase section */

/* Begin XCBuildConfiguration section */
		9283E6581A6A0CB100A7CA44 /* Debug */ = {
			isa = XCBuildConfiguration;
			buildSettings = {
				ALWAYS_SEARCH_USER_PATHS = NO;
				CLANG_CXX_LANGUAGE_STANDARD = "gnu++0x";
				CLANG_CXX_LIBRARY = "libc++";
				CLANG_ENABLE_MODULES = YES;
				CLANG_ENABLE_OBJC_ARC = YES;
				CLANG_WARN_BOOL_CONVERSION = YES;
				CLANG_WARN_CONSTANT_CONVERSION = YES;
				CLANG_WARN_DIRECT_OBJC_ISA_USAGE = YES_ERROR;
				CLANG_WARN_EMPTY_BODY = YES;
				CLANG_WARN_ENUM_CONVERSION = YES;
				CLANG_WARN_INT_CONVERSION = YES;
				CLANG_WARN_OBJC_ROOT_CLASS = YES_ERROR;
				CLANG_WARN_UNREACHABLE_CODE = YES;
				CLANG_WARN__DUPLICATE_METHOD_MATCH = YES;
				COPY_PHASE_STRIP = NO;
				ENABLE_STRICT_OBJC_MSGSEND = YES;
				GCC_C_LANGUAGE_STANDARD = gnu99;
				GCC_DYNAMIC_NO_PIC = NO;
				GCC_OPTIMIZATION_LEVEL = 0;
				GCC_PREPROCESSOR_DEFINITIONS = (
					"DEBUG=1",
					"$(inherited)",
				);
				GCC_SYMBOLS_PRIVATE_EXTERN = NO;
				GCC_WARN_64_TO_32_BIT_CONVERSION = YES;
				GCC_WARN_ABOUT_RETURN_TYPE = YES_ERROR;
				GCC_WARN_UNDECLARED_SELECTOR = YES;
				GCC_WARN_UNINITIALIZED_AUTOS = YES_AGGRESSIVE;
				GCC_WARN_UNUSED_FUNCTION = YES;
				GCC_WARN_UNUSED_VARIABLE = YES;
				MACOSX_DEPLOYMENT_TARGET = 10.9;
				MTL_ENABLE_DEBUG_INFO = YES;
				ONLY_ACTIVE_ARCH = YES;
				SDKROOT = macosx;
			};
			name = Debug;
		};
		9283E6591A6A0CB100A7CA44 /* Release */ = {
			isa = XCBuildConfiguration;
			buildSettings = {
				ALWAYS_SEARCH_USER_PATHS = NO;
				CLANG_CXX_LANGUAGE_STANDARD = "gnu++0x";
				CLANG_CXX_LIBRARY = "libc++";
				CLANG_ENABLE_MODULES = YES;
				CLANG_ENABLE_OBJC_ARC = YES;
				CLANG_WARN_BOOL_CONVERSION = YES;
				CLANG_WARN_CONSTANT_CONVERSION = YES;
				CLANG_WARN_DIRECT_OBJC_ISA_USAGE = YES_ERROR;
				CLANG_WARN_EMPTY_BODY = YES;
				CLANG_WARN_ENUM_CONVERSION = YES;
				CLANG_WARN_INT_CONVERSION = YES;
				CLANG_WARN_OBJC_ROOT_CLASS = YES_ERROR;
				CLANG_WARN_UNREACHABLE_CODE = YES;
				CLANG_WARN__DUPLICATE_METHOD_MATCH = YES;
				COPY_PHASE_STRIP = YES;
				DEBUG_INFORMATION_FORMAT = "dwarf-with-dsym";
				ENABLE_NS_ASSERTIONS = NO;
				ENABLE_STRICT_OBJC_MSGSEND = YES;
				GCC_C_LANGUAGE_STANDARD = gnu99;
				GCC_WARN_64_TO_32_BIT_CONVERSION = YES;
				GCC_WARN_ABOUT_RETURN_TYPE = YES_ERROR;
				GCC_WARN_UNDECLARED_SELECTOR = YES;
				GCC_WARN_UNINITIALIZED_AUTOS = YES_AGGRESSIVE;
				GCC_WARN_UNUSED_FUNCTION = YES;
				GCC_WARN_UNUSED_VARIABLE = YES;
				MACOSX_DEPLOYMENT_TARGET = 10.9;
				MTL_ENABLE_DEBUG_INFO = NO;
				SDKROOT = macosx;
			};
			name = Release;
		};
		9283E65B1A6A0CB100A7CA44 /* Debug */ = {
			isa = XCBuildConfiguration;
			buildSettings = {
				HEADER_SEARCH_PATHS = (
					"$(inherited)",
					/Applications/Xcode.app/Contents/Developer/Toolchains/XcodeDefault.xctoolchain/usr/include,
					/usr/local/include,
				);
				LIBRARY_SEARCH_PATHS = (
					"$(inherited)",
					"$(PROJECT_DIR)",
				);
				PRODUCT_NAME = Whiteboard2Website;
			};
			name = Debug;
		};
		9283E65C1A6A0CB100A7CA44 /* Release */ = {
			isa = XCBuildConfiguration;
			buildSettings = {
				HEADER_SEARCH_PATHS = (
					"$(inherited)",
					/Applications/Xcode.app/Contents/Developer/Toolchains/XcodeDefault.xctoolchain/usr/include,
					/usr/local/include,
				);
				LIBRARY_SEARCH_PATHS = (
					"$(inherited)",
					"$(PROJECT_DIR)",
				);
				PRODUCT_NAME = Whiteboard2Website;
			};
			name = Release;
		};
/* End XCBuildConfiguration section */

/* Begin XCConfigurationList section */
		9283E64E1A6A0CB100A7CA44 /* Build configuration list for PBXProject "Whiteboard2Website" */ = {
			isa = XCConfigurationList;
			buildConfigurations = (
				9283E6581A6A0CB100A7CA44 /* Debug */,
				9283E6591A6A0CB100A7CA44 /* Release */,
			);
			defaultConfigurationIsVisible = 0;
			defaultConfigurationName = Release;
		};
		9283E65A1A6A0CB100A7CA44 /* Build configuration list for PBXNativeTarget "Whiteboard2Website" */ = {
			isa = XCConfigurationList;
			buildConfigurations = (
				9283E65B1A6A0CB100A7CA44 /* Debug */,
				9283E65C1A6A0CB100A7CA44 /* Release */,
			);
			defaultConfigurationIsVisible = 0;
			defaultConfigurationName = Release;
		};
/* End XCConfigurationList section */
	};
	rootObject = 9283E64B1A6A0CB100A7CA44 /* Project object */;
}
